
Microsoft Visual Studio Solution File, Format Version 12.00
# Visual Studio 15
VisualStudioVersion = 15.0.27428.2037
MinimumVisualStudioVersion = 10.0.40219.1
Project("{FAE04EC0-301F-11D3-BF4B-00C04F79EFBC}") = "Inheritance_2", "Inheritance_2\Inheritance_2.csproj", "{B519EB10-AC4B-44E1-8904-D3DD20D34F7D}"
EndProject
Global
	GlobalSection(SolutionConfigurationPlatforms) = preSolution
		Debug|Any CPU = Debug|Any CPU
		Release|Any CPU = Release|Any CPU
	EndGlobalSection
	GlobalSection(ProjectConfigurationPlatforms) = postSolution
		{B519EB10-AC4B-44E1-8904-D3DD20D34F7D}.Debug|Any CPU.ActiveCfg = Debug|Any CPU
		{B519EB10-AC4B-44E1-8904-D3DD20D34F7D}.Debug|Any CPU.Build.0 = Debug|Any CPU
		{B519EB10-AC4B-44E1-8904-D3DD20D34F7D}.Release|Any CPU.ActiveCfg = Release|Any CPU
		{B519EB10-AC4B-44E1-8904-D3DD20D34F7D}.Release|Any CPU.Build.0 = Release|Any CPU
	EndGlobalSection
	GlobalSection(SolutionProperties) = preSolution
		HideSolutionNode = FALSE
	EndGlobalSection
	GlobalSection(ExtensibilityGlobals) = postSolution
		SolutionGuid = {98400740-136E-4A7B-A5D5-203440FE3C50}
	EndGlobalSection
EndGlobal
